// !$*UTF8*$!
{
	archiveVersion = 1;
	classes = {
	};
	objectVersion = 46;
	objects = {

/* Begin PBXBuildFile section */
		4EF6F4FF18D15C0D0046652B /* Foundation.framework in Frameworks */ = {isa = PBXBuildFile; fileRef = 4EF6F4FE18D15C0D0046652B /* Foundation.framework */; };
		4EF6F50118D15C0D0046652B /* CoreGraphics.framework in Frameworks */ = {isa = PBXBuildFile; fileRef = 4EF6F50018D15C0D0046652B /* CoreGraphics.framework */; };
		4EF6F50318D15C0D0046652B /* UIKit.framework in Frameworks */ = {isa = PBXBuildFile; fileRef = 4EF6F50218D15C0D0046652B /* UIKit.framework */; };
		4EF6F50918D15C0D0046652B /* InfoPlist.strings in Resources */ = {isa = PBXBuildFile; fileRef = 4EF6F50718D15C0D0046652B /* InfoPlist.strings */; };
		4EF6F50B18D15C0D0046652B /* main.m in Sources */ = {isa = PBXBuildFile; fileRef = 4EF6F50A18D15C0D0046652B /* main.m */; };
		4EF6F50F18D15C0D0046652B /* AppDelegate.m in Sources */ = {isa = PBXBuildFile; fileRef = 4EF6F50E18D15C0D0046652B /* AppDelegate.m */; };
		4EF6F51118D15C0D0046652B /* Images.xcassets in Resources */ = {isa = PBXBuildFile; fileRef = 4EF6F51018D15C0D0046652B /* Images.xcassets */; };
		4EF6F51818D15C0D0046652B /* XCTest.framework in Frameworks */ = {isa = PBXBuildFile; fileRef = 4EF6F51718D15C0D0046652B /* XCTest.framework */; };
		4EF6F51918D15C0D0046652B /* Foundation.framework in Frameworks */ = {isa = PBXBuildFile; fileRef = 4EF6F4FE18D15C0D0046652B /* Foundation.framework */; };
		4EF6F51A18D15C0D0046652B /* UIKit.framework in Frameworks */ = {isa = PBXBuildFile; fileRef = 4EF6F50218D15C0D0046652B /* UIKit.framework */; };
		4EF6F52218D15C0D0046652B /* InfoPlist.strings in Resources */ = {isa = PBXBuildFile; fileRef = 4EF6F52018D15C0D0046652B /* InfoPlist.strings */; };
		4EF6F52418D15C0D0046652B /* tomatosauceTests.m in Sources */ = {isa = PBXBuildFile; fileRef = 4EF6F52318D15C0D0046652B /* tomatosauceTests.m */; };
/* End PBXBuildFile section */

/* Begin PBXContainerItemProxy section */
		4EF6F51B18D15C0D0046652B /* PBXContainerItemProxy */ = {
			isa = PBXContainerItemProxy;
			containerPortal = 4EF6F4F318D15C0D0046652B /* Project object */;
			proxyType = 1;
			remoteGlobalIDString = 4EF6F4FA18D15C0D0046652B;
			remoteInfo = tomatosauce;
		};
/* End PBXContainerItemProxy section */

/* Begin PBXFileReference section */
		4EF6F4FB18D15C0D0046652B /* tomatosauce.app */ = {isa = PBXFileReference; explicitFileType = wrapper.application; includeInIndex = 0; path = tomatosauce.app; sourceTree = BUILT_PRODUCTS_DIR; };
		4EF6F4FE18D15C0D0046652B /* Foundation.framework */ = {isa = PBXFileReference; lastKnownFileType = wrapper.framework; name = Foundation.framework; path = System/Library/Frameworks/Foundation.framework; sourceTree = SDKROOT; };
		4EF6F50018D15C0D0046652B /* CoreGraphics.framework */ = {isa = PBXFileReference; lastKnownFileType = wrapper.framework; name = CoreGraphics.framework; path = System/Library/Frameworks/CoreGraphics.framework; sourceTree = SDKROOT; };
		4EF6F50218D15C0D0046652B /* UIKit.framework */ = {isa = PBXFileReference; lastKnownFileType = wrapper.framework; name = UIKit.framework; path = System/Library/Frameworks/UIKit.framework; sourceTree = SDKROOT; };
		4EF6F50618D15C0D0046652B /* tomatosauce-Info.plist */ = {isa = PBXFileReference; lastKnownFileType = text.plist.xml; path = "tomatosauce-Info.plist"; sourceTree = "<group>"; };
		4EF6F50818D15C0D0046652B /* en */ = {isa = PBXFileReference; lastKnownFileType = text.plist.strings; name = en; path = en.lproj/InfoPlist.strings; sourceTree = "<group>"; };
		4EF6F50A18D15C0D0046652B /* main.m */ = {isa = PBXFileReference; lastKnownFileType = sourcecode.c.objc; path = main.m; sourceTree = "<group>"; };
		4EF6F50C18D15C0D0046652B /* tomatosauce-Prefix.pch */ = {isa = PBXFileReference; lastKnownFileType = sourcecode.c.h; path = "tomatosauce-Prefix.pch"; sourceTree = "<group>"; };
		4EF6F50D18D15C0D0046652B /* AppDelegate.h */ = {isa = PBXFileReference; lastKnownFileType = sourcecode.c.h; path = AppDelegate.h; sourceTree = "<group>"; };
		4EF6F50E18D15C0D0046652B /* AppDelegate.m */ = {isa = PBXFileReference; lastKnownFileType = sourcecode.c.objc; path = AppDelegate.m; sourceTree = "<group>"; };
		4EF6F51018D15C0D0046652B /* Images.xcassets */ = {isa = PBXFileReference; lastKnownFileType = folder.assetcatalog; path = Images.xcassets; sourceTree = "<group>"; };
		4EF6F51618D15C0D0046652B /* tomatosauceTests.xctest */ = {isa = PBXFileReference; explicitFileType = wrapper.cfbundle; includeInIndex = 0; path = tomatosauceTests.xctest; sourceTree = BUILT_PRODUCTS_DIR; };
		4EF6F51718D15C0D0046652B /* XCTest.framework */ = {isa = PBXFileReference; lastKnownFileType = wrapper.framework; name = XCTest.framework; path = Library/Frameworks/XCTest.framework; sourceTree = DEVELOPER_DIR; };
		4EF6F51F18D15C0D0046652B /* tomatosauceTests-Info.plist */ = {isa = PBXFileReference; lastKnownFileType = text.plist.xml; path = "tomatosauceTests-Info.plist"; sourceTree = "<group>"; };
		4EF6F52118D15C0D0046652B /* en */ = {isa = PBXFileReference; lastKnownFileType = text.plist.strings; name = en; path = en.lproj/InfoPlist.strings; sourceTree = "<group>"; };
		4EF6F52318D15C0D0046652B /* tomatosauceTests.m */ = {isa = PBXFileReference; lastKnownFileType = sourcecode.c.objc; path = tomatosauceTests.m; sourceTree = "<group>"; };
/* End PBXFileReference section */

/* Begin PBXFrameworksBuildPhase section */
		4EF6F4F818D15C0D0046652B /* Frameworks */ = {
			isa = PBXFrameworksBuildPhase;
			buildActionMask = 2147483647;
			files = (
				4EF6F50118D15C0D0046652B /* CoreGraphics.framework in Frameworks */,
				4EF6F50318D15C0D0046652B /* UIKit.framework in Frameworks */,
				4EF6F4FF18D15C0D0046652B /* Foundation.framework in Frameworks */,
			);
			runOnlyForDeploymentPostprocessing = 0;
		};
		4EF6F51318D15C0D0046652B /* Frameworks */ = {
			isa = PBXFrameworksBuildPhase;
			buildActionMask = 2147483647;
			files = (
				4EF6F51818D15C0D0046652B /* XCTest.framework in Frameworks */,
				4EF6F51A18D15C0D0046652B /* UIKit.framework in Frameworks */,
				4EF6F51918D15C0D0046652B /* Foundation.framework in Frameworks */,
			);
			runOnlyForDeploymentPostprocessing = 0;
		};
/* End PBXFrameworksBuildPhase section */

/* Begin PBXGroup section */
		4EF6F4F218D15C0D0046652B = {
			isa = PBXGroup;
			children = (
				4EF6F50418D15C0D0046652B /* tomatosauce */,
				4EF6F51D18D15C0D0046652B /* tomatosauceTests */,
				4EF6F4FD18D15C0D0046652B /* Frameworks */,
				4EF6F4FC18D15C0D0046652B /* Products */,
			);
			sourceTree = "<group>";
		};
		4EF6F4FC18D15C0D0046652B /* Products */ = {
			isa = PBXGroup;
			children = (
				4EF6F4FB18D15C0D0046652B /* tomatosauce.app */,
				4EF6F51618D15C0D0046652B /* tomatosauceTests.xctest */,
			);
			name = Products;
			sourceTree = "<group>";
		};
		4EF6F4FD18D15C0D0046652B /* Frameworks */ = {
			isa = PBXGroup;
			children = (
				4EF6F4FE18D15C0D0046652B /* Foundation.framework */,
				4EF6F50018D15C0D0046652B /* CoreGraphics.framework */,
				4EF6F50218D15C0D0046652B /* UIKit.framework */,
				4EF6F51718D15C0D0046652B /* XCTest.framework */,
			);
			name = Frameworks;
			sourceTree = "<group>";
		};
		4EF6F50418D15C0D0046652B /* tomatosauce */ = {
			isa = PBXGroup;
			children = (
				4EF6F50D18D15C0D0046652B /* AppDelegate.h */,
				4EF6F50E18D15C0D0046652B /* AppDelegate.m */,
				4EF6F51018D15C0D0046652B /* Images.xcassets */,
				4EF6F50518D15C0D0046652B /* Supporting Files */,
			);
			path = tomatosauce;
			sourceTree = "<group>";
		};
		4EF6F50518D15C0D0046652B /* Supporting Files */ = {
			isa = PBXGroup;
			children = (
				4EF6F50618D15C0D0046652B /* tomatosauce-Info.plist */,
				4EF6F50718D15C0D0046652B /* InfoPlist.strings */,
				4EF6F50A18D15C0D0046652B /* main.m */,
				4EF6F50C18D15C0D0046652B /* tomatosauce-Prefix.pch */,
			);
			name = "Supporting Files";
			sourceTree = "<group>";
		};
		4EF6F51D18D15C0D0046652B /* tomatosauceTests */ = {
			isa = PBXGroup;
			children = (
				4EF6F52318D15C0D0046652B /* tomatosauceTests.m */,
				4EF6F51E18D15C0D0046652B /* Supporting Files */,
			);
			path = tomatosauceTests;
			sourceTree = "<group>";
		};
		4EF6F51E18D15C0D0046652B /* Supporting Files */ = {
			isa = PBXGroup;
			children = (
				4EF6F51F18D15C0D0046652B /* tomatosauceTests-Info.plist */,
				4EF6F52018D15C0D0046652B /* InfoPlist.strings */,
			);
			name = "Supporting Files";
			sourceTree = "<group>";
		};
/* End PBXGroup section */

/* Begin PBXNativeTarget section */
		4EF6F4FA18D15C0D0046652B /* tomatosauce */ = {
			isa = PBXNativeTarget;
			buildConfigurationList = 4EF6F52718D15C0D0046652B /* Build configuration list for PBXNativeTarget "tomatosauce" */;
			buildPhases = (
				4EF6F4F718D15C0D0046652B /* Sources */,
				4EF6F4F818D15C0D0046652B /* Frameworks */,
				4EF6F4F918D15C0D0046652B /* Resources */,
			);
			buildRules = (
			);
			dependencies = (
			);
			name = tomatosauce;
			productName = tomatosauce;
			productReference = 4EF6F4FB18D15C0D0046652B /* tomatosauce.app */;
			productType = "com.apple.product-type.application";
		};
		4EF6F51518D15C0D0046652B /* tomatosauceTests */ = {
			isa = PBXNativeTarget;
			buildConfigurationList = 4EF6F52A18D15C0D0046652B /* Build configuration list for PBXNativeTarget "tomatosauceTests" */;
			buildPhases = (
				4EF6F51218D15C0D0046652B /* Sources */,
				4EF6F51318D15C0D0046652B /* Frameworks */,
				4EF6F51418D15C0D0046652B /* Resources */,
			);
			buildRules = (
			);
			dependencies = (
				4EF6F51C18D15C0D0046652B /* PBXTargetDependency */,
			);
			name = tomatosauceTests;
			productName = tomatosauceTests;
			productReference = 4EF6F51618D15C0D0046652B /* tomatosauceTests.xctest */;
			productType = "com.apple.product-type.bundle.unit-test";
		};
/* End PBXNativeTarget section */

/* Begin PBXProject section */
		4EF6F4F318D15C0D0046652B /* Project object */ = {
			isa = PBXProject;
			attributes = {
				LastUpgradeCheck = 0510;
				ORGANIZATIONNAME = "Chris Martin";
				TargetAttributes = {
					4EF6F51518D15C0D0046652B = {
						TestTargetID = 4EF6F4FA18D15C0D0046652B;
					};
				};
			};
			buildConfigurationList = 4EF6F4F618D15C0D0046652B /* Build configuration list for PBXProject "tomatosauce" */;
			compatibilityVersion = "Xcode 3.2";
			developmentRegion = English;
			hasScannedForEncodings = 0;
			knownRegions = (
				en,
			);
			mainGroup = 4EF6F4F218D15C0D0046652B;
			productRefGroup = 4EF6F4FC18D15C0D0046652B /* Products */;
			projectDirPath = "";
			projectRoot = "";
			targets = (
				4EF6F4FA18D15C0D0046652B /* tomatosauce */,
				4EF6F51518D15C0D0046652B /* tomatosauceTests */,
			);
		};
/* End PBXProject section */

/* Begin PBXResourcesBuildPhase section */
		4EF6F4F918D15C0D0046652B /* Resources */ = {
			isa = PBXResourcesBuildPhase;
			buildActionMask = 2147483647;
			files = (
				4EF6F50918D15C0D0046652B /* InfoPlist.strings in Resources */,
				4EF6F51118D15C0D0046652B /* Images.xcassets in Resources */,
			);
			runOnlyForDeploymentPostprocessing = 0;
		};
		4EF6F51418D15C0D0046652B /* Resources */ = {
			isa = PBXResourcesBuildPhase;
			buildActionMask = 2147483647;
			files = (
				4EF6F52218D15C0D0046652B /* InfoPlist.strings in Resources */,
			);
			runOnlyForDeploymentPostprocessing = 0;
		};
/* End PBXResourcesBuildPhase section */

/* Begin PBXSourcesBuildPhase section */
		4EF6F4F718D15C0D0046652B /* Sources */ = {
			isa = PBXSourcesBuildPhase;
			buildActionMask = 2147483647;
			files = (
				4EF6F50F18D15C0D0046652B /* AppDelegate.m in Sources */,
				4EF6F50B18D15C0D0046652B /* main.m in Sources */,
			);
			runOnlyForDeploymentPostprocessing = 0;
		};
		4EF6F51218D15C0D0046652B /* Sources */ = {
			isa = PBXSourcesBuildPhase;
			buildActionMask = 2147483647;
			files = (
				4EF6F52418D15C0D0046652B /* tomatosauceTests.m in Sources */,
			);
			runOnlyForDeploymentPostprocessing = 0;
		};
/* End PBXSourcesBuildPhase section */

/* Begin PBXTargetDependency section */
		4EF6F51C18D15C0D0046652B /* PBXTargetDependency */ = {
			isa = PBXTargetDependency;
			target = 4EF6F4FA18D15C0D0046652B /* tomatosauce */;
			targetProxy = 4EF6F51B18D15C0D0046652B /* PBXContainerItemProxy */;
		};
/* End PBXTargetDependency section */

/* Begin PBXVariantGroup section */
		4EF6F50718D15C0D0046652B /* InfoPlist.strings */ = {
			isa = PBXVariantGroup;
			children = (
				4EF6F50818D15C0D0046652B /* en */,
			);
			name = InfoPlist.strings;
			sourceTree = "<group>";
		};
		4EF6F52018D15C0D0046652B /* InfoPlist.strings */ = {
			isa = PBXVariantGroup;
			children = (
				4EF6F52118D15C0D0046652B /* en */,
			);
			name = InfoPlist.strings;
			sourceTree = "<group>";
		};
/* End PBXVariantGroup section */

/* Begin XCBuildConfiguration section */
		4EF6F52518D15C0D0046652B /* Debug */ = {
			isa = XCBuildConfiguration;
			buildSettings = {
				ALWAYS_SEARCH_USER_PATHS = NO;
				CLANG_CXX_LANGUAGE_STANDARD = "gnu++0x";
				CLANG_CXX_LIBRARY = "libc++";
				CLANG_ENABLE_MODULES = YES;
				CLANG_ENABLE_OBJC_ARC = YES;
				CLANG_WARN_BOOL_CONVERSION = YES;
				CLANG_WARN_CONSTANT_CONVERSION = YES;
				CLANG_WARN_DIRECT_OBJC_ISA_USAGE = YES_ERROR;
				CLANG_WARN_EMPTY_BODY = YES;
				CLANG_WARN_ENUM_CONVERSION = YES;
				CLANG_WARN_INT_CONVERSION = YES;
				CLANG_WARN_OBJC_ROOT_CLASS = YES_ERROR;
				CLANG_WARN__DUPLICATE_METHOD_MATCH = YES;
				"CODE_SIGN_IDENTITY[sdk=iphoneos*]" = "iPhone Developer";
				COPY_PHASE_STRIP = NO;
				GCC_C_LANGUAGE_STANDARD = gnu99;
				GCC_DYNAMIC_NO_PIC = NO;
				GCC_OPTIMIZATION_LEVEL = 0;
				GCC_PREPROCESSOR_DEFINITIONS = (
					"DEBUG=1",
					"$(inherited)",
				);
				GCC_SYMBOLS_PRIVATE_EXTERN = NO;
				GCC_WARN_64_TO_32_BIT_CONVERSION = YES;
				GCC_WARN_ABOUT_RETURN_TYPE = YES_ERROR;
				GCC_WARN_UNDECLARED_SELECTOR = YES;
				GCC_WARN_UNINITIALIZED_AUTOS = YES_AGGRESSIVE;
				GCC_WARN_UNUSED_FUNCTION = YES;
				GCC_WARN_UNUSED_VARIABLE = YES;
				IPHONEOS_DEPLOYMENT_TARGET = 7.1;
				ONLY_ACTIVE_ARCH = YES;
				SDKROOT = iphoneos;
			};
			name = Debug;
		};
		4EF6F52618D15C0D0046652B /* Release */ = {
			isa = XCBuildConfiguration;
			buildSettings = {
				ALWAYS_SEARCH_USER_PATHS = NO;
				CLANG_CXX_LANGUAGE_STANDARD = "gnu++0x";
				CLANG_CXX_LIBRARY = "libc++";
				CLANG_ENABLE_MODULES = YES;
				CLANG_ENABLE_OBJC_ARC = YES;
				CLANG_WARN_BOOL_CONVERSION = YES;
				CLANG_WARN_CONSTANT_CONVERSION = YES;
				CLANG_WARN_DIRECT_OBJC_ISA_USAGE = YES_ERROR;
				CLANG_WARN_EMPTY_BODY = YES;
				CLANG_WARN_ENUM_CONVERSION = YES;
				CLANG_WARN_INT_CONVERSION = YES;
				CLANG_WARN_OBJC_ROOT_CLASS = YES_ERROR;
				CLANG_WARN__DUPLICATE_METHOD_MATCH = YES;
				"CODE_SIGN_IDENTITY[sdk=iphoneos*]" = "iPhone Developer";
				COPY_PHASE_STRIP = YES;
				ENABLE_NS_ASSERTIONS = NO;
				GCC_C_LANGUAGE_STANDARD = gnu99;
				GCC_WARN_64_TO_32_BIT_CONVERSION = YES;
				GCC_WARN_ABOUT_RETURN_TYPE = YES_ERROR;
				GCC_WARN_UNDECLARED_SELECTOR = YES;
				GCC_WARN_UNINITIALIZED_AUTOS = YES_AGGRESSIVE;
				GCC_WARN_UNUSED_FUNCTION = YES;
				GCC_WARN_UNUSED_VARIABLE = YES;
				IPHONEOS_DEPLOYMENT_TARGET = 7.1;
				SDKROOT = iphoneos;
				VALIDATE_PRODUCT = YES;
			};
			name = Release;
		};
		4EF6F52818D15C0D0046652B /* Debug */ = {
			isa = XCBuildConfiguration;
			buildSettings = {
				ASSETCATALOG_COMPILER_APPICON_NAME = AppIcon;
				ASSETCATALOG_COMPILER_LAUNCHIMAGE_NAME = LaunchImage;
				GCC_PRECOMPILE_PREFIX_HEADER = YES;
				GCC_PREFIX_HEADER = "tomatosauce/tomatosauce-Prefix.pch";
				INFOPLIST_FILE = "tomatosauce/tomatosauce-Info.plist";
				PRODUCT_NAME = "$(TARGET_NAME)";
				WRAPPER_EXTENSION = app;
			};
			name = Debug;
		};
		4EF6F52918D15C0D0046652B /* Release */ = {
			isa = XCBuildConfiguration;
			buildSettings = {
				ASSETCATALOG_COMPILER_APPICON_NAME = AppIcon;
				ASSETCATALOG_COMPILER_LAUNCHIMAGE_NAME = LaunchImage;
				GCC_PRECOMPILE_PREFIX_HEADER = YES;
				GCC_PREFIX_HEADER = "tomatosauce/tomatosauce-Prefix.pch";
				INFOPLIST_FILE = "tomatosauce/tomatosauce-Info.plist";
				PRODUCT_NAME = "$(TARGET_NAME)";
				WRAPPER_EXTENSION = app;
			};
			name = Release;
		};
		4EF6F52B18D15C0D0046652B /* Debug */ = {
			isa = XCBuildConfiguration;
			buildSettings = {
				BUNDLE_LOADER = "$(BUILT_PRODUCTS_DIR)/tomatosauce.app/tomatosauce";
				FRAMEWORK_SEARCH_PATHS = (
					"$(SDKROOT)/Developer/Library/Frameworks",
					"$(inherited)",
					"$(DEVELOPER_FRAMEWORKS_DIR)",
				);
				GCC_PRECOMPILE_PREFIX_HEADER = YES;
				GCC_PREFIX_HEADER = "tomatosauce/tomatosauce-Prefix.pch";
				GCC_PREPROCESSOR_DEFINITIONS = (
					"DEBUG=1",
					"$(inherited)",
				);
				INFOPLIST_FILE = "tomatosauceTests/tomatosauceTests-Info.plist";
				PRODUCT_NAME = "$(TARGET_NAME)";
				TEST_HOST = "$(BUNDLE_LOADER)";
				WRAPPER_EXTENSION = xctest;
			};
			name = Debug;
		};
		4EF6F52C18D15C0D0046652B /* Release */ = {
			isa = XCBuildConfiguration;
			buildSettings = {
				BUNDLE_LOADER = "$(BUILT_PRODUCTS_DIR)/tomatosauce.app/tomatosauce";
				FRAMEWORK_SEARCH_PATHS = (
					"$(SDKROOT)/Developer/Library/Frameworks",
					"$(inherited)",
					"$(DEVELOPER_FRAMEWORKS_DIR)",
				);
				GCC_PRECOMPILE_PREFIX_HEADER = YES;
				GCC_PREFIX_HEADER = "tomatosauce/tomatosauce-Prefix.pch";
				INFOPLIST_FILE = "tomatosauceTests/tomatosauceTests-Info.plist";
				PRODUCT_NAME = "$(TARGET_NAME)";
				TEST_HOST = "$(BUNDLE_LOADER)";
				WRAPPER_EXTENSION = xctest;
			};
			name = Release;
		};
/* End XCBuildConfiguration section */

/* Begin XCConfigurationList section */
		4EF6F4F618D15C0D0046652B /* Build configuration list for PBXProject "tomatosauce" */ = {
			isa = XCConfigurationList;
			buildConfigurations = (
				4EF6F52518D15C0D0046652B /* Debug */,
				4EF6F52618D15C0D0046652B /* Release */,
			);
			defaultConfigurationIsVisible = 0;
			defaultConfigurationName = Release;
		};
		4EF6F52718D15C0D0046652B /* Build configuration list for PBXNativeTarget "tomatosauce" */ = {
			isa = XCConfigurationList;
			buildConfigurations = (
				4EF6F52818D15C0D0046652B /* Debug */,
				4EF6F52918D15C0D0046652B /* Release */,
			);
			defaultConfigurationIsVisible = 0;
		};
		4EF6F52A18D15C0D0046652B /* Build configuration list for PBXNativeTarget "tomatosauceTests" */ = {
			isa = XCConfigurationList;
			buildConfigurations = (
				4EF6F52B18D15C0D0046652B /* Debug */,
				4EF6F52C18D15C0D0046652B /* Release */,
			);
			defaultConfigurationIsVisible = 0;
		};
/* End XCConfigurationList section */
	};
	rootObject = 4EF6F4F318D15C0D0046652B /* Project object */;
}
